
Microsoft Visual Studio Solution File, Format Version 12.00
# Visual Studio Version 17
VisualStudioVersion = 17.3.32819.101
MinimumVisualStudioVersion = 10.0.40219.1
Project("{8BC9CEB8-8B4A-11D0-8D11-00A0C91BC942}") = "SieveAlg", "SieveAlg\SieveAlg.vcxproj", "{4EF57B4B-EBD3-4FB9-A76F-D0BDFDB23A6C}"
EndProject
Global
	GlobalSection(SolutionConfigurationPlatforms) = preSolution
		Debug|x64 = Debug|x64
		Debug|x86 = Debug|x86
		Release|x64 = Release|x64
		Release|x86 = Release|x86
	EndGlobalSection
	GlobalSection(ProjectConfigurationPlatforms) = postSolution
		{4EF57B4B-EBD3-4FB9-A76F-D0BDFDB23A6C}.Debug|x64.ActiveCfg = Debug|x64
		{4EF57B4B-EBD3-4FB9-A76F-D0BDFDB23A6C}.Debug|x64.Build.0 = Debug|x64
		{4EF57B4B-EBD3-4FB9-A76F-D0BDFDB23A6C}.Debug|x86.ActiveCfg = Debug|Win32
		{4EF57B4B-EBD3-4FB9-A76F-D0BDFDB23A6C}.Debug|x86.Build.0 = Debug|Win32
		{4EF57B4B-EBD3-4FB9-A76F-D0BDFDB23A6C}.Release|x64.ActiveCfg = Release|x64
		{4EF57B4B-EBD3-4FB9-A76F-D0BDFDB23A6C}.Release|x64.Build.0 = Release|x64
		{4EF57B4B-EBD3-4FB9-A76F-D0BDFDB23A6C}.Release|x86.ActiveCfg = Release|Win32
		{4EF57B4B-EBD3-4FB9-A76F-D0BDFDB23A6C}.Release|x86.Build.0 = Release|Win32
	EndGlobalSection
	GlobalSection(SolutionProperties) = preSolution
		HideSolutionNode = FALSE
	EndGlobalSection
	GlobalSection(ExtensibilityGlobals) = postSolution
		SolutionGuid = {0D403E91-54B3-4CF7-B08D-D91AB8D66B51}
	EndGlobalSection
EndGlobal
